
Microsoft Visual Studio Solution File, Format Version 12.00
# Visual Studio Version 17
VisualStudioVersion = 17.10.35027.167
MinimumVisualStudioVersion = 10.0.40219.1
Project("{FAE04EC0-301F-11D3-BF4B-00C04F79EFBC}") = "TaskManager", "TaskManager\TaskManager.csproj", "{3B4F16D2-2E94-4933-A82F-8F6EE6DDF393}"
EndProject
Global
	GlobalSection(SolutionConfigurationPlatforms) = preSolution
		Debug|Any CPU = Debug|Any CPU
		Release|Any CPU = Release|Any CPU
	EndGlobalSection
	GlobalSection(ProjectConfigurationPlatforms) = postSolution
		{3B4F16D2-2E94-4933-A82F-8F6EE6DDF393}.Debug|Any CPU.ActiveCfg = Debug|Any CPU
		{3B4F16D2-2E94-4933-A82F-8F6EE6DDF393}.Debug|Any CPU.Build.0 = Debug|Any CPU
		{3B4F16D2-2E94-4933-A82F-8F6EE6DDF393}.Release|Any CPU.ActiveCfg = Release|Any CPU
		{3B4F16D2-2E94-4933-A82F-8F6EE6DDF393}.Release|Any CPU.Build.0 = Release|Any CPU
	EndGlobalSection
	GlobalSection(SolutionProperties) = preSolution
		HideSolutionNode = FALSE
	EndGlobalSection
	GlobalSection(ExtensibilityGlobals) = postSolution
		SolutionGuid = {EB451462-FE6C-46AD-A6B1-632F7031A9A3}
	EndGlobalSection
EndGlobal
